
Microsoft Visual Studio Solution File, Format Version 12.00
# Visual Studio Version 17
VisualStudioVersion = 17.4.33213.308
MinimumVisualStudioVersion = 10.0.40219.1
Project("{FAE04EC0-301F-11D3-BF4B-00C04F79EFBC}") = "gWeasleGUI", "gWeasleGUI\gWeasleGUI.csproj", "{FDAEB391-C382-4F8A-A943-76D2DD7878B6}"
EndProject
Global
	GlobalSection(SolutionConfigurationPlatforms) = preSolution
		Debug|Any CPU = Debug|Any CPU
		Debug|x64 = Debug|x64
		Release|Any CPU = Release|Any CPU
		Release|x64 = Release|x64
	EndGlobalSection
	GlobalSection(ProjectConfigurationPlatforms) = postSolution
		{FDAEB391-C382-4F8A-A943-76D2DD7878B6}.Debug|Any CPU.ActiveCfg = Debug|Any CPU
		{FDAEB391-C382-4F8A-A943-76D2DD7878B6}.Debug|Any CPU.Build.0 = Debug|Any CPU
		{FDAEB391-C382-4F8A-A943-76D2DD7878B6}.Debug|x64.ActiveCfg = Debug|x64
		{FDAEB391-C382-4F8A-A943-76D2DD7878B6}.Debug|x64.Build.0 = Debug|x64
		{FDAEB391-C382-4F8A-A943-76D2DD7878B6}.Release|Any CPU.ActiveCfg = Release|Any CPU
		{FDAEB391-C382-4F8A-A943-76D2DD7878B6}.Release|Any CPU.Build.0 = Release|Any CPU
		{FDAEB391-C382-4F8A-A943-76D2DD7878B6}.Release|x64.ActiveCfg = Release|x64
		{FDAEB391-C382-4F8A-A943-76D2DD7878B6}.Release|x64.Build.0 = Release|x64
	EndGlobalSection
	GlobalSection(SolutionProperties) = preSolution
		HideSolutionNode = FALSE
	EndGlobalSection
	GlobalSection(ExtensibilityGlobals) = postSolution
		SolutionGuid = {605B5194-043A-4A2C-891E-CBDD293093FE}
	EndGlobalSection
EndGlobal
